// !$*UTF8*$!
{
	archiveVersion = 1;
	classes = {
	};
	objectVersion = 51;
	objects = {

/* Begin PBXBuildFile section */
		2D4401F723F3C1B1005DB551 /* AppDelegate.swift in Sources */ = {isa = PBXBuildFile; fileRef = 2D4401F623F3C1B1005DB551 /* AppDelegate.swift */; };
		2D4401FE23F3C1B3005DB551 /* Assets.xcassets in Resources */ = {isa = PBXBuildFile; fileRef = 2D4401FD23F3C1B3005DB551 /* Assets.xcassets */; };
		2D44020123F3C1B3005DB551 /* LaunchScreen.storyboard in Resources */ = {isa = PBXBuildFile; fileRef = 2D4401FF23F3C1B3005DB551 /* LaunchScreen.storyboard */; };
		2D44020C23F3C1B3005DB551 /* iOSSwiftTableDisplayTests.swift in Sources */ = {isa = PBXBuildFile; fileRef = 2D44020B23F3C1B3005DB551 /* iOSSwiftTableDisplayTests.swift */; };
		2D44021723F3C1B3005DB551 /* iOSSwiftTableDisplayUITests.swift in Sources */ = {isa = PBXBuildFile; fileRef = 2D44021623F3C1B3005DB551 /* iOSSwiftTableDisplayUITests.swift */; };
		2D44023123F3C655005DB551 /* HomeViewController.swift in Sources */ = {isa = PBXBuildFile; fileRef = 2D44023023F3C655005DB551 /* HomeViewController.swift */; };
		2D44023223F3C655005DB551 /* HomeViewController.swift in Sources */ = {isa = PBXBuildFile; fileRef = 2D44023023F3C655005DB551 /* HomeViewController.swift */; };
		2D44023323F3C655005DB551 /* HomeViewController.swift in Sources */ = {isa = PBXBuildFile; fileRef = 2D44023023F3C655005DB551 /* HomeViewController.swift */; };
		2D44023923F3D444005DB551 /* TableRows.swift in Sources */ = {isa = PBXBuildFile; fileRef = 2D44023823F3D444005DB551 /* TableRows.swift */; };
		2D44023D23F3D8D5005DB551 /* HomeInteractor.swift in Sources */ = {isa = PBXBuildFile; fileRef = 2D44023C23F3D8D5005DB551 /* HomeInteractor.swift */; };
		2D44023F23F3D8E5005DB551 /* HomePresenter.swift in Sources */ = {isa = PBXBuildFile; fileRef = 2D44023E23F3D8E5005DB551 /* HomePresenter.swift */; };
		2D44024123F3DA9D005DB551 /* Alamofire.framework in Frameworks */ = {isa = PBXBuildFile; fileRef = 2D44024023F3DA9D005DB551 /* Alamofire.framework */; };
		2D44024323F3DA9D005DB551 /* AlamofireObjectMapper.framework in Frameworks */ = {isa = PBXBuildFile; fileRef = 2D44024223F3DA9D005DB551 /* AlamofireObjectMapper.framework */; };
		2D44024723F3F63D005DB551 /* HomeTableCell.swift in Sources */ = {isa = PBXBuildFile; fileRef = 2D44024623F3F63D005DB551 /* HomeTableCell.swift */; };
		2D44024923F3F78F005DB551 /* Utilities.swift in Sources */ = {isa = PBXBuildFile; fileRef = 2D44024823F3F78F005DB551 /* Utilities.swift */; };
		DFBC088AF33C00B9A0FC7D37 /* Pods_iOSSwiftTableDisplay.framework in Frameworks */ = {isa = PBXBuildFile; fileRef = 5AF12CA0323EBB911C83AB44 /* Pods_iOSSwiftTableDisplay.framework */; };
/* End PBXBuildFile section */

/* Begin PBXContainerItemProxy section */
		2D44020823F3C1B3005DB551 /* PBXContainerItemProxy */ = {
			isa = PBXContainerItemProxy;
			containerPortal = 2D4401EB23F3C1B1005DB551 /* Project object */;
			proxyType = 1;
			remoteGlobalIDString = 2D4401F223F3C1B1005DB551;
			remoteInfo = iOSSwiftTableDisplay;
		};
		2D44021323F3C1B3005DB551 /* PBXContainerItemProxy */ = {
			isa = PBXContainerItemProxy;
			containerPortal = 2D4401EB23F3C1B1005DB551 /* Project object */;
			proxyType = 1;
			remoteGlobalIDString = 2D4401F223F3C1B1005DB551;
			remoteInfo = iOSSwiftTableDisplay;
		};
/* End PBXContainerItemProxy section */

/* Begin PBXFileReference section */
		2D4401F323F3C1B1005DB551 /* iOSSwiftTableDisplay.app */ = {isa = PBXFileReference; explicitFileType = wrapper.application; includeInIndex = 0; path = iOSSwiftTableDisplay.app; sourceTree = BUILT_PRODUCTS_DIR; };
		2D4401F623F3C1B1005DB551 /* AppDelegate.swift */ = {isa = PBXFileReference; lastKnownFileType = sourcecode.swift; path = AppDelegate.swift; sourceTree = "<group>"; };
		2D4401FD23F3C1B3005DB551 /* Assets.xcassets */ = {isa = PBXFileReference; lastKnownFileType = folder.assetcatalog; path = Assets.xcassets; sourceTree = "<group>"; };
		2D44020023F3C1B3005DB551 /* Base */ = {isa = PBXFileReference; lastKnownFileType = file.storyboard; name = Base; path = Base.lproj/LaunchScreen.storyboard; sourceTree = "<group>"; };
		2D44020223F3C1B3005DB551 /* Info.plist */ = {isa = PBXFileReference; lastKnownFileType = text.plist.xml; path = Info.plist; sourceTree = "<group>"; };
		2D44020723F3C1B3005DB551 /* iOSSwiftTableDisplayTests.xctest */ = {isa = PBXFileReference; explicitFileType = wrapper.cfbundle; includeInIndex = 0; path = iOSSwiftTableDisplayTests.xctest; sourceTree = BUILT_PRODUCTS_DIR; };
		2D44020B23F3C1B3005DB551 /* iOSSwiftTableDisplayTests.swift */ = {isa = PBXFileReference; lastKnownFileType = sourcecode.swift; path = iOSSwiftTableDisplayTests.swift; sourceTree = "<group>"; };
		2D44020D23F3C1B3005DB551 /* Info.plist */ = {isa = PBXFileReference; lastKnownFileType = text.plist.xml; path = Info.plist; sourceTree = "<group>"; };
		2D44021223F3C1B3005DB551 /* iOSSwiftTableDisplayUITests.xctest */ = {isa = PBXFileReference; explicitFileType = wrapper.cfbundle; includeInIndex = 0; path = iOSSwiftTableDisplayUITests.xctest; sourceTree = BUILT_PRODUCTS_DIR; };
		2D44021623F3C1B3005DB551 /* iOSSwiftTableDisplayUITests.swift */ = {isa = PBXFileReference; lastKnownFileType = sourcecode.swift; path = iOSSwiftTableDisplayUITests.swift; sourceTree = "<group>"; };
		2D44021823F3C1B3005DB551 /* Info.plist */ = {isa = PBXFileReference; lastKnownFileType = text.plist.xml; path = Info.plist; sourceTree = "<group>"; };
		2D44023023F3C655005DB551 /* HomeViewController.swift */ = {isa = PBXFileReference; lastKnownFileType = sourcecode.swift; path = HomeViewController.swift; sourceTree = "<group>"; };
		2D44023823F3D444005DB551 /* TableRows.swift */ = {isa = PBXFileReference; lastKnownFileType = sourcecode.swift; path = TableRows.swift; sourceTree = "<group>"; };
		2D44023C23F3D8D5005DB551 /* HomeInteractor.swift */ = {isa = PBXFileReference; lastKnownFileType = sourcecode.swift; path = HomeInteractor.swift; sourceTree = "<group>"; };
		2D44023E23F3D8E5005DB551 /* HomePresenter.swift */ = {isa = PBXFileReference; lastKnownFileType = sourcecode.swift; path = HomePresenter.swift; sourceTree = "<group>"; };
		2D44024023F3DA9D005DB551 /* Alamofire.framework */ = {isa = PBXFileReference; explicitFileType = wrapper.framework; path = Alamofire.framework; sourceTree = BUILT_PRODUCTS_DIR; };
		2D44024223F3DA9D005DB551 /* AlamofireObjectMapper.framework */ = {isa = PBXFileReference; explicitFileType = wrapper.framework; path = AlamofireObjectMapper.framework; sourceTree = BUILT_PRODUCTS_DIR; };
		2D44024623F3F63D005DB551 /* HomeTableCell.swift */ = {isa = PBXFileReference; lastKnownFileType = sourcecode.swift; path = HomeTableCell.swift; sourceTree = "<group>"; };
		2D44024823F3F78F005DB551 /* Utilities.swift */ = {isa = PBXFileReference; lastKnownFileType = sourcecode.swift; path = Utilities.swift; sourceTree = "<group>"; };
		5AF12CA0323EBB911C83AB44 /* Pods_iOSSwiftTableDisplay.framework */ = {isa = PBXFileReference; explicitFileType = wrapper.framework; includeInIndex = 0; path = Pods_iOSSwiftTableDisplay.framework; sourceTree = BUILT_PRODUCTS_DIR; };
		B19D8D81EED4E0A18A51D5D2 /* Pods-iOSSwiftTableDisplay.release.xcconfig */ = {isa = PBXFileReference; includeInIndex = 1; lastKnownFileType = text.xcconfig; name = "Pods-iOSSwiftTableDisplay.release.xcconfig"; path = "Target Support Files/Pods-iOSSwiftTableDisplay/Pods-iOSSwiftTableDisplay.release.xcconfig"; sourceTree = "<group>"; };
		B685810E52ED2A9AD8AFD6D1 /* Pods-iOSSwiftTableDisplay.debug.xcconfig */ = {isa = PBXFileReference; includeInIndex = 1; lastKnownFileType = text.xcconfig; name = "Pods-iOSSwiftTableDisplay.debug.xcconfig"; path = "Target Support Files/Pods-iOSSwiftTableDisplay/Pods-iOSSwiftTableDisplay.debug.xcconfig"; sourceTree = "<group>"; };
/* End PBXFileReference section */

/* Begin PBXFrameworksBuildPhase section */
		2D4401F023F3C1B1005DB551 /* Frameworks */ = {
			isa = PBXFrameworksBuildPhase;
			buildActionMask = 2147483647;
			files = (
				2D44024123F3DA9D005DB551 /* Alamofire.framework in Frameworks */,
				2D44024323F3DA9D005DB551 /* AlamofireObjectMapper.framework in Frameworks */,
				DFBC088AF33C00B9A0FC7D37 /* Pods_iOSSwiftTableDisplay.framework in Frameworks */,
			);
			runOnlyForDeploymentPostprocessing = 0;
		};
		2D44020423F3C1B3005DB551 /* Frameworks */ = {
			isa = PBXFrameworksBuildPhase;
			buildActionMask = 2147483647;
			files = (
			);
			runOnlyForDeploymentPostprocessing = 0;
		};
		2D44020F23F3C1B3005DB551 /* Frameworks */ = {
			isa = PBXFrameworksBuildPhase;
			buildActionMask = 2147483647;
			files = (
			);
			runOnlyForDeploymentPostprocessing = 0;
		};
/* End PBXFrameworksBuildPhase section */

/* Begin PBXGroup section */
		2D4401EA23F3C1B1005DB551 = {
			isa = PBXGroup;
			children = (
				2D4401F523F3C1B1005DB551 /* iOSSwiftTableDisplay */,
				2D44020A23F3C1B3005DB551 /* iOSSwiftTableDisplayTests */,
				2D44021523F3C1B3005DB551 /* iOSSwiftTableDisplayUITests */,
				2D4401F423F3C1B1005DB551 /* Products */,
				F77A3CBB52C330BCA5FF02DD /* Pods */,
				F68E8B79710E260CF7B8AF16 /* Frameworks */,
			);
			sourceTree = "<group>";
		};
		2D4401F423F3C1B1005DB551 /* Products */ = {
			isa = PBXGroup;
			children = (
				2D4401F323F3C1B1005DB551 /* iOSSwiftTableDisplay.app */,
				2D44020723F3C1B3005DB551 /* iOSSwiftTableDisplayTests.xctest */,
				2D44021223F3C1B3005DB551 /* iOSSwiftTableDisplayUITests.xctest */,
			);
			name = Products;
			sourceTree = "<group>";
		};
		2D4401F523F3C1B1005DB551 /* iOSSwiftTableDisplay */ = {
			isa = PBXGroup;
			children = (
				2D44022823F3C4EC005DB551 /* Home */,
				2D4401F623F3C1B1005DB551 /* AppDelegate.swift */,
				2D4401FD23F3C1B3005DB551 /* Assets.xcassets */,
				2D4401FF23F3C1B3005DB551 /* LaunchScreen.storyboard */,
				2D44020223F3C1B3005DB551 /* Info.plist */,
				2D44024823F3F78F005DB551 /* Utilities.swift */,
			);
			path = iOSSwiftTableDisplay;
			sourceTree = "<group>";
		};
		2D44020A23F3C1B3005DB551 /* iOSSwiftTableDisplayTests */ = {
			isa = PBXGroup;
			children = (
				2D44020B23F3C1B3005DB551 /* iOSSwiftTableDisplayTests.swift */,
				2D44020D23F3C1B3005DB551 /* Info.plist */,
			);
			path = iOSSwiftTableDisplayTests;
			sourceTree = "<group>";
		};
		2D44021523F3C1B3005DB551 /* iOSSwiftTableDisplayUITests */ = {
			isa = PBXGroup;
			children = (
				2D44021623F3C1B3005DB551 /* iOSSwiftTableDisplayUITests.swift */,
				2D44021823F3C1B3005DB551 /* Info.plist */,
			);
			path = iOSSwiftTableDisplayUITests;
			sourceTree = "<group>";
		};
		2D44022823F3C4EC005DB551 /* Home */ = {
			isa = PBXGroup;
			children = (
				2D44022923F3C533005DB551 /* Home-Entity */,
				2D44022A23F3C551005DB551 /* Home-Interactor */,
				2D44022B23F3C579005DB551 /* Home-Others */,
				2D44022C23F3C583005DB551 /* Home-Presenter */,
				2D44022D23F3C58E005DB551 /* Home-Resources */,
				2D44022E23F3C59D005DB551 /* Home-Router */,
				2D44022F23F3C5A9005DB551 /* Home-View */,
			);
			path = Home;
			sourceTree = "<group>";
		};
		2D44022923F3C533005DB551 /* Home-Entity */ = {
			isa = PBXGroup;
			children = (
				2D44023823F3D444005DB551 /* TableRows.swift */,
			);
			path = "Home-Entity";
			sourceTree = "<group>";
		};
		2D44022A23F3C551005DB551 /* Home-Interactor */ = {
			isa = PBXGroup;
			children = (
				2D44023C23F3D8D5005DB551 /* HomeInteractor.swift */,
			);
			path = "Home-Interactor";
			sourceTree = "<group>";
		};
		2D44022B23F3C579005DB551 /* Home-Others */ = {
			isa = PBXGroup;
			children = (
			);
			path = "Home-Others";
			sourceTree = "<group>";
		};
		2D44022C23F3C583005DB551 /* Home-Presenter */ = {
			isa = PBXGroup;
			children = (
				2D44023E23F3D8E5005DB551 /* HomePresenter.swift */,
			);
			path = "Home-Presenter";
			sourceTree = "<group>";
		};
		2D44022D23F3C58E005DB551 /* Home-Resources */ = {
			isa = PBXGroup;
			children = (
			);
			path = "Home-Resources";
			sourceTree = "<group>";
		};
		2D44022E23F3C59D005DB551 /* Home-Router */ = {
			isa = PBXGroup;
			children = (
			);
			path = "Home-Router";
			sourceTree = "<group>";
		};
		2D44022F23F3C5A9005DB551 /* Home-View */ = {
			isa = PBXGroup;
			children = (
				2D44023023F3C655005DB551 /* HomeViewController.swift */,
				2D44024623F3F63D005DB551 /* HomeTableCell.swift */,
			);
			path = "Home-View";
			sourceTree = "<group>";
		};
		F68E8B79710E260CF7B8AF16 /* Frameworks */ = {
			isa = PBXGroup;
			children = (
				2D44024023F3DA9D005DB551 /* Alamofire.framework */,
				2D44024223F3DA9D005DB551 /* AlamofireObjectMapper.framework */,
				5AF12CA0323EBB911C83AB44 /* Pods_iOSSwiftTableDisplay.framework */,
			);
			name = Frameworks;
			sourceTree = "<group>";
		};
		F77A3CBB52C330BCA5FF02DD /* Pods */ = {
			isa = PBXGroup;
			children = (
				B685810E52ED2A9AD8AFD6D1 /* Pods-iOSSwiftTableDisplay.debug.xcconfig */,
				B19D8D81EED4E0A18A51D5D2 /* Pods-iOSSwiftTableDisplay.release.xcconfig */,
			);
			path = Pods;
			sourceTree = "<group>";
		};
/* End PBXGroup section */

/* Begin PBXNativeTarget section */
		2D4401F223F3C1B1005DB551 /* iOSSwiftTableDisplay */ = {
			isa = PBXNativeTarget;
			buildConfigurationList = 2D44021B23F3C1B3005DB551 /* Build configuration list for PBXNativeTarget "iOSSwiftTableDisplay" */;
			buildPhases = (
				A536E49FC3578AADC874E80A /* [CP] Check Pods Manifest.lock */,
				2D4401EF23F3C1B1005DB551 /* Sources */,
				2D4401F023F3C1B1005DB551 /* Frameworks */,
				2D4401F123F3C1B1005DB551 /* Resources */,
				BCF3E3DE738AC396E2F4AB04 /* [CP] Embed Pods Frameworks */,
			);
			buildRules = (
			);
			dependencies = (
			);
			name = iOSSwiftTableDisplay;
			productName = iOSSwiftTableDisplay;
			productReference = 2D4401F323F3C1B1005DB551 /* iOSSwiftTableDisplay.app */;
			productType = "com.apple.product-type.application";
		};
		2D44020623F3C1B3005DB551 /* iOSSwiftTableDisplayTests */ = {
			isa = PBXNativeTarget;
			buildConfigurationList = 2D44021E23F3C1B3005DB551 /* Build configuration list for PBXNativeTarget "iOSSwiftTableDisplayTests" */;
			buildPhases = (
				2D44020323F3C1B3005DB551 /* Sources */,
				2D44020423F3C1B3005DB551 /* Frameworks */,
				2D44020523F3C1B3005DB551 /* Resources */,
			);
			buildRules = (
			);
			dependencies = (
				2D44020923F3C1B3005DB551 /* PBXTargetDependency */,
			);
			name = iOSSwiftTableDisplayTests;
			productName = iOSSwiftTableDisplayTests;
			productReference = 2D44020723F3C1B3005DB551 /* iOSSwiftTableDisplayTests.xctest */;
			productType = "com.apple.product-type.bundle.unit-test";
		};
		2D44021123F3C1B3005DB551 /* iOSSwiftTableDisplayUITests */ = {
			isa = PBXNativeTarget;
			buildConfigurationList = 2D44022123F3C1B3005DB551 /* Build configuration list for PBXNativeTarget "iOSSwiftTableDisplayUITests" */;
			buildPhases = (
				2D44020E23F3C1B3005DB551 /* Sources */,
				2D44020F23F3C1B3005DB551 /* Frameworks */,
				2D44021023F3C1B3005DB551 /* Resources */,
			);
			buildRules = (
			);
			dependencies = (
				2D44021423F3C1B3005DB551 /* PBXTargetDependency */,
			);
			name = iOSSwiftTableDisplayUITests;
			productName = iOSSwiftTableDisplayUITests;
			productReference = 2D44021223F3C1B3005DB551 /* iOSSwiftTableDisplayUITests.xctest */;
			productType = "com.apple.product-type.bundle.ui-testing";
		};
/* End PBXNativeTarget section */

/* Begin PBXProject section */
		2D4401EB23F3C1B1005DB551 /* Project object */ = {
			isa = PBXProject;
			attributes = {
				LastSwiftUpdateCheck = 1020;
				LastUpgradeCheck = 1020;
				ORGANIZATIONNAME = "Ravindran Esakkimuthu";
				TargetAttributes = {
					2D4401F223F3C1B1005DB551 = {
						CreatedOnToolsVersion = 10.2;
					};
					2D44020623F3C1B3005DB551 = {
						CreatedOnToolsVersion = 10.2;
						TestTargetID = 2D4401F223F3C1B1005DB551;
					};
					2D44021123F3C1B3005DB551 = {
						CreatedOnToolsVersion = 10.2;
						TestTargetID = 2D4401F223F3C1B1005DB551;
					};
				};
			};
			buildConfigurationList = 2D4401EE23F3C1B1005DB551 /* Build configuration list for PBXProject "iOSSwiftTableDisplay" */;
			compatibilityVersion = "Xcode 9.3";
			developmentRegion = en;
			hasScannedForEncodings = 0;
			knownRegions = (
				en,
				Base,
			);
			mainGroup = 2D4401EA23F3C1B1005DB551;
			productRefGroup = 2D4401F423F3C1B1005DB551 /* Products */;
			projectDirPath = "";
			projectRoot = "";
			targets = (
				2D4401F223F3C1B1005DB551 /* iOSSwiftTableDisplay */,
				2D44020623F3C1B3005DB551 /* iOSSwiftTableDisplayTests */,
				2D44021123F3C1B3005DB551 /* iOSSwiftTableDisplayUITests */,
			);
		};
/* End PBXProject section */

/* Begin PBXResourcesBuildPhase section */
		2D4401F123F3C1B1005DB551 /* Resources */ = {
			isa = PBXResourcesBuildPhase;
			buildActionMask = 2147483647;
			files = (
				2D44020123F3C1B3005DB551 /* LaunchScreen.storyboard in Resources */,
				2D4401FE23F3C1B3005DB551 /* Assets.xcassets in Resources */,
			);
			runOnlyForDeploymentPostprocessing = 0;
		};
		2D44020523F3C1B3005DB551 /* Resources */ = {
			isa = PBXResourcesBuildPhase;
			buildActionMask = 2147483647;
			files = (
			);
			runOnlyForDeploymentPostprocessing = 0;
		};
		2D44021023F3C1B3005DB551 /* Resources */ = {
			isa = PBXResourcesBuildPhase;
			buildActionMask = 2147483647;
			files = (
			);
			runOnlyForDeploymentPostprocessing = 0;
		};
/* End PBXResourcesBuildPhase section */

/* Begin PBXShellScriptBuildPhase section */
		A536E49FC3578AADC874E80A /* [CP] Check Pods Manifest.lock */ = {
			isa = PBXShellScriptBuildPhase;
			buildActionMask = 2147483647;
			files = (
			);
			inputFileListPaths = (
			);
			inputPaths = (
				"${PODS_PODFILE_DIR_PATH}/Podfile.lock",
				"${PODS_ROOT}/Manifest.lock",
			);
			name = "[CP] Check Pods Manifest.lock";
			outputFileListPaths = (
			);
			outputPaths = (
				"$(DERIVED_FILE_DIR)/Pods-iOSSwiftTableDisplay-checkManifestLockResult.txt",
			);
			runOnlyForDeploymentPostprocessing = 0;
			shellPath = /bin/sh;
			shellScript = "diff \"${PODS_PODFILE_DIR_PATH}/Podfile.lock\" \"${PODS_ROOT}/Manifest.lock\" > /dev/null\nif [ $? != 0 ] ; then\n    # print error to STDERR\n    echo \"error: The sandbox is not in sync with the Podfile.lock. Run 'pod install' or update your CocoaPods installation.\" >&2\n    exit 1\nfi\n# This output is used by Xcode 'outputs' to avoid re-running this script phase.\necho \"SUCCESS\" > \"${SCRIPT_OUTPUT_FILE_0}\"\n";
			showEnvVarsInLog = 0;
		};
		BCF3E3DE738AC396E2F4AB04 /* [CP] Embed Pods Frameworks */ = {
			isa = PBXShellScriptBuildPhase;
			buildActionMask = 2147483647;
			files = (
			);
			inputFileListPaths = (
				"${PODS_ROOT}/Target Support Files/Pods-iOSSwiftTableDisplay/Pods-iOSSwiftTableDisplay-frameworks-${CONFIGURATION}-input-files.xcfilelist",
			);
			name = "[CP] Embed Pods Frameworks";
			outputFileListPaths = (
				"${PODS_ROOT}/Target Support Files/Pods-iOSSwiftTableDisplay/Pods-iOSSwiftTableDisplay-frameworks-${CONFIGURATION}-output-files.xcfilelist",
			);
			runOnlyForDeploymentPostprocessing = 0;
			shellPath = /bin/sh;
			shellScript = "\"${PODS_ROOT}/Target Support Files/Pods-iOSSwiftTableDisplay/Pods-iOSSwiftTableDisplay-frameworks.sh\"\n";
			showEnvVarsInLog = 0;
		};
/* End PBXShellScriptBuildPhase section */

/* Begin PBXSourcesBuildPhase section */
		2D4401EF23F3C1B1005DB551 /* Sources */ = {
			isa = PBXSourcesBuildPhase;
			buildActionMask = 2147483647;
			files = (
				2D4401F723F3C1B1005DB551 /* AppDelegate.swift in Sources */,
				2D44024723F3F63D005DB551 /* HomeTableCell.swift in Sources */,
				2D44023123F3C655005DB551 /* HomeViewController.swift in Sources */,
				2D44023F23F3D8E5005DB551 /* HomePresenter.swift in Sources */,
				2D44023D23F3D8D5005DB551 /* HomeInteractor.swift in Sources */,
				2D44024923F3F78F005DB551 /* Utilities.swift in Sources */,
				2D44023923F3D444005DB551 /* TableRows.swift in Sources */,
			);
			runOnlyForDeploymentPostprocessing = 0;
		};
		2D44020323F3C1B3005DB551 /* Sources */ = {
			isa = PBXSourcesBuildPhase;
			buildActionMask = 2147483647;
			files = (
				2D44020C23F3C1B3005DB551 /* iOSSwiftTableDisplayTests.swift in Sources */,
				2D44023223F3C655005DB551 /* HomeViewController.swift in Sources */,
			);
			runOnlyForDeploymentPostprocessing = 0;
		};
		2D44020E23F3C1B3005DB551 /* Sources */ = {
			isa = PBXSourcesBuildPhase;
			buildActionMask = 2147483647;
			files = (
				2D44021723F3C1B3005DB551 /* iOSSwiftTableDisplayUITests.swift in Sources */,
				2D44023323F3C655005DB551 /* HomeViewController.swift in Sources */,
			);
			runOnlyForDeploymentPostprocessing = 0;
		};
/* End PBXSourcesBuildPhase section */

/* Begin PBXTargetDependency section */
		2D44020923F3C1B3005DB551 /* PBXTargetDependency */ = {
			isa = PBXTargetDependency;
			target = 2D4401F223F3C1B1005DB551 /* iOSSwiftTableDisplay */;
			targetProxy = 2D44020823F3C1B3005DB551 /* PBXContainerItemProxy */;
		};
		2D44021423F3C1B3005DB551 /* PBXTargetDependency */ = {
			isa = PBXTargetDependency;
			target = 2D4401F223F3C1B1005DB551 /* iOSSwiftTableDisplay */;
			targetProxy = 2D44021323F3C1B3005DB551 /* PBXContainerItemProxy */;
		};
/* End PBXTargetDependency section */

/* Begin PBXVariantGroup section */
		2D4401FF23F3C1B3005DB551 /* LaunchScreen.storyboard */ = {
			isa = PBXVariantGroup;
			children = (
				2D44020023F3C1B3005DB551 /* Base */,
			);
			name = LaunchScreen.storyboard;
			sourceTree = "<group>";
		};
/* End PBXVariantGroup section */

/* Begin XCBuildConfiguration section */
		2D44021923F3C1B3005DB551 /* Debug */ = {
			isa = XCBuildConfiguration;
			buildSettings = {
				ALWAYS_SEARCH_USER_PATHS = NO;
				CLANG_ANALYZER_NONNULL = YES;
				CLANG_ANALYZER_NUMBER_OBJECT_CONVERSION = YES_AGGRESSIVE;
				CLANG_CXX_LANGUAGE_STANDARD = "gnu++14";
				CLANG_CXX_LIBRARY = "libc++";
				CLANG_ENABLE_MODULES = YES;
				CLANG_ENABLE_OBJC_ARC = YES;
				CLANG_ENABLE_OBJC_WEAK = YES;
				CLANG_WARN_BLOCK_CAPTURE_AUTORELEASING = YES;
				CLANG_WARN_BOOL_CONVERSION = YES;
				CLANG_WARN_COMMA = YES;
				CLANG_WARN_CONSTANT_CONVERSION = YES;
				CLANG_WARN_DEPRECATED_OBJC_IMPLEMENTATIONS = YES;
				CLANG_WARN_DIRECT_OBJC_ISA_USAGE = YES_ERROR;
				CLANG_WARN_DOCUMENTATION_COMMENTS = YES;
				CLANG_WARN_EMPTY_BODY = YES;
				CLANG_WARN_ENUM_CONVERSION = YES;
				CLANG_WARN_INFINITE_RECURSION = YES;
				CLANG_WARN_INT_CONVERSION = YES;
				CLANG_WARN_NON_LITERAL_NULL_CONVERSION = YES;
				CLANG_WARN_OBJC_IMPLICIT_RETAIN_SELF = YES;
				CLANG_WARN_OBJC_LITERAL_CONVERSION = YES;
				CLANG_WARN_OBJC_ROOT_CLASS = YES_ERROR;
				CLANG_WARN_RANGE_LOOP_ANALYSIS = YES;
				CLANG_WARN_STRICT_PROTOTYPES = YES;
				CLANG_WARN_SUSPICIOUS_MOVE = YES;
				CLANG_WARN_UNGUARDED_AVAILABILITY = YES_AGGRESSIVE;
				CLANG_WARN_UNREACHABLE_CODE = YES;
				CLANG_WARN__DUPLICATE_METHOD_MATCH = YES;
				CODE_SIGN_IDENTITY = "iPhone Developer";
				COPY_PHASE_STRIP = NO;
				DEBUG_INFORMATION_FORMAT = dwarf;
				ENABLE_STRICT_OBJC_MSGSEND = YES;
				ENABLE_TESTABILITY = YES;
				GCC_C_LANGUAGE_STANDARD = gnu11;
				GCC_DYNAMIC_NO_PIC = NO;
				GCC_NO_COMMON_BLOCKS = YES;
				GCC_OPTIMIZATION_LEVEL = 0;
				GCC_PREPROCESSOR_DEFINITIONS = (
					"DEBUG=1",
					"$(inherited)",
				);
				GCC_WARN_64_TO_32_BIT_CONVERSION = YES;
				GCC_WARN_ABOUT_RETURN_TYPE = YES_ERROR;
				GCC_WARN_UNDECLARED_SELECTOR = YES;
				GCC_WARN_UNINITIALIZED_AUTOS = YES_AGGRESSIVE;
				GCC_WARN_UNUSED_FUNCTION = YES;
				GCC_WARN_UNUSED_VARIABLE = YES;
				IPHONEOS_DEPLOYMENT_TARGET = 12.2;
				MTL_ENABLE_DEBUG_INFO = INCLUDE_SOURCE;
				MTL_FAST_MATH = YES;
				ONLY_ACTIVE_ARCH = YES;
				SDKROOT = iphoneos;
				SWIFT_ACTIVE_COMPILATION_CONDITIONS = DEBUG;
				SWIFT_OPTIMIZATION_LEVEL = "-Onone";
			};
			name = Debug;
		};
		2D44021A23F3C1B3005DB551 /* Release */ = {
			isa = XCBuildConfiguration;
			buildSettings = {
				ALWAYS_SEARCH_USER_PATHS = NO;
				CLANG_ANALYZER_NONNULL = YES;
				CLANG_ANALYZER_NUMBER_OBJECT_CONVERSION = YES_AGGRESSIVE;
				CLANG_CXX_LANGUAGE_STANDARD = "gnu++14";
				CLANG_CXX_LIBRARY = "libc++";
				CLANG_ENABLE_MODULES = YES;
				CLANG_ENABLE_OBJC_ARC = YES;
				CLANG_ENABLE_OBJC_WEAK = YES;
				CLANG_WARN_BLOCK_CAPTURE_AUTORELEASING = YES;
				CLANG_WARN_BOOL_CONVERSION = YES;
				CLANG_WARN_COMMA = YES;
				CLANG_WARN_CONSTANT_CONVERSION = YES;
				CLANG_WARN_DEPRECATED_OBJC_IMPLEMENTATIONS = YES;
				CLANG_WARN_DIRECT_OBJC_ISA_USAGE = YES_ERROR;
				CLANG_WARN_DOCUMENTATION_COMMENTS = YES;
				CLANG_WARN_EMPTY_BODY = YES;
				CLANG_WARN_ENUM_CONVERSION = YES;
				CLANG_WARN_INFINITE_RECURSION = YES;
				CLANG_WARN_INT_CONVERSION = YES;
				CLANG_WARN_NON_LITERAL_NULL_CONVERSION = YES;
				CLANG_WARN_OBJC_IMPLICIT_RETAIN_SELF = YES;
				CLANG_WARN_OBJC_LITERAL_CONVERSION = YES;
				CLANG_WARN_OBJC_ROOT_CLASS = YES_ERROR;
				CLANG_WARN_RANGE_LOOP_ANALYSIS = YES;
				CLANG_WARN_STRICT_PROTOTYPES = YES;
				CLANG_WARN_SUSPICIOUS_MOVE = YES;
				CLANG_WARN_UNGUARDED_AVAILABILITY = YES_AGGRESSIVE;
				CLANG_WARN_UNREACHABLE_CODE = YES;
				CLANG_WARN__DUPLICATE_METHOD_MATCH = YES;
				CODE_SIGN_IDENTITY = "iPhone Developer";
				COPY_PHASE_STRIP = NO;
				DEBUG_INFORMATION_FORMAT = "dwarf-with-dsym";
				ENABLE_NS_ASSERTIONS = NO;
				ENABLE_STRICT_OBJC_MSGSEND = YES;
				GCC_C_LANGUAGE_STANDARD = gnu11;
				GCC_NO_COMMON_BLOCKS = YES;
				GCC_WARN_64_TO_32_BIT_CONVERSION = YES;
				GCC_WARN_ABOUT_RETURN_TYPE = YES_ERROR;
				GCC_WARN_UNDECLARED_SELECTOR = YES;
				GCC_WARN_UNINITIALIZED_AUTOS = YES_AGGRESSIVE;
				GCC_WARN_UNUSED_FUNCTION = YES;
				GCC_WARN_UNUSED_VARIABLE = YES;
				IPHONEOS_DEPLOYMENT_TARGET = 12.2;
				MTL_ENABLE_DEBUG_INFO = NO;
				MTL_FAST_MATH = YES;
				SDKROOT = iphoneos;
				SWIFT_COMPILATION_MODE = wholemodule;
				SWIFT_OPTIMIZATION_LEVEL = "-O";
				VALIDATE_PRODUCT = YES;
			};
			name = Release;
		};
		2D44021C23F3C1B3005DB551 /* Debug */ = {
			isa = XCBuildConfiguration;
			baseConfigurationReference = B685810E52ED2A9AD8AFD6D1 /* Pods-iOSSwiftTableDisplay.debug.xcconfig */;
			buildSettings = {
				ASSETCATALOG_COMPILER_APPICON_NAME = AppIcon;
				CODE_SIGN_STYLE = Automatic;
				DEVELOPMENT_TEAM = C5HB2CCN8Z;
				INFOPLIST_FILE = iOSSwiftTableDisplay/Info.plist;
				IPHONEOS_DEPLOYMENT_TARGET = 11.0;
				LD_RUNPATH_SEARCH_PATHS = (
					"$(inherited)",
					"@executable_path/Frameworks",
				);
				PRODUCT_BUNDLE_IDENTIFIER = iOSSwiftTableDisplay.org;
				PRODUCT_NAME = "$(TARGET_NAME)";
				SWIFT_VERSION = 5.0;
				TARGETED_DEVICE_FAMILY = "1,2";
			};
			name = Debug;
		};
		2D44021D23F3C1B3005DB551 /* Release */ = {
			isa = XCBuildConfiguration;
			baseConfigurationReference = B19D8D81EED4E0A18A51D5D2 /* Pods-iOSSwiftTableDisplay.release.xcconfig */;
			buildSettings = {
				ASSETCATALOG_COMPILER_APPICON_NAME = AppIcon;
				CODE_SIGN_STYLE = Automatic;
				DEVELOPMENT_TEAM = C5HB2CCN8Z;
				INFOPLIST_FILE = iOSSwiftTableDisplay/Info.plist;
				IPHONEOS_DEPLOYMENT_TARGET = 11.0;
				LD_RUNPATH_SEARCH_PATHS = (
					"$(inherited)",
					"@executable_path/Frameworks",
				);
				PRODUCT_BUNDLE_IDENTIFIER = iOSSwiftTableDisplay.org;
				PRODUCT_NAME = "$(TARGET_NAME)";
				SWIFT_VERSION = 5.0;
				TARGETED_DEVICE_FAMILY = "1,2";
			};
			name = Release;
		};
		2D44021F23F3C1B3005DB551 /* Debug */ = {
			isa = XCBuildConfiguration;
			buildSettings = {
				ALWAYS_EMBED_SWIFT_STANDARD_LIBRARIES = YES;
				BUNDLE_LOADER = "$(TEST_HOST)";
				CODE_SIGN_STYLE = Automatic;
				DEVELOPMENT_TEAM = N84Y77X8V9;
				INFOPLIST_FILE = iOSSwiftTableDisplayTests/Info.plist;
				LD_RUNPATH_SEARCH_PATHS = (
					"$(inherited)",
					"@executable_path/Frameworks",
					"@loader_path/Frameworks",
				);
				PRODUCT_BUNDLE_IDENTIFIER = iOSSwiftTableDisplay.org.iOSSwiftTableDisplayTests;
				PRODUCT_NAME = "$(TARGET_NAME)";
				SWIFT_VERSION = 5.0;
				TARGETED_DEVICE_FAMILY = "1,2";
				TEST_HOST = "$(BUILT_PRODUCTS_DIR)/iOSSwiftTableDisplay.app/iOSSwiftTableDisplay";
			};
			name = Debug;
		};
		2D44022023F3C1B3005DB551 /* Release */ = {
			isa = XCBuildConfiguration;
			buildSettings = {
				ALWAYS_EMBED_SWIFT_STANDARD_LIBRARIES = YES;
				BUNDLE_LOADER = "$(TEST_HOST)";
				CODE_SIGN_STYLE = Automatic;
				DEVELOPMENT_TEAM = N84Y77X8V9;
				INFOPLIST_FILE = iOSSwiftTableDisplayTests/Info.plist;
				LD_RUNPATH_SEARCH_PATHS = (
					"$(inherited)",
					"@executable_path/Frameworks",
					"@loader_path/Frameworks",
				);
				PRODUCT_BUNDLE_IDENTIFIER = iOSSwiftTableDisplay.org.iOSSwiftTableDisplayTests;
				PRODUCT_NAME = "$(TARGET_NAME)";
				SWIFT_VERSION = 5.0;
				TARGETED_DEVICE_FAMILY = "1,2";
				TEST_HOST = "$(BUILT_PRODUCTS_DIR)/iOSSwiftTableDisplay.app/iOSSwiftTableDisplay";
			};
			name = Release;
		};
		2D44022223F3C1B3005DB551 /* Debug */ = {
			isa = XCBuildConfiguration;
			buildSettings = {
				ALWAYS_EMBED_SWIFT_STANDARD_LIBRARIES = YES;
				CODE_SIGN_STYLE = Automatic;
				DEVELOPMENT_TEAM = N84Y77X8V9;
				INFOPLIST_FILE = iOSSwiftTableDisplayUITests/Info.plist;
				LD_RUNPATH_SEARCH_PATHS = (
					"$(inherited)",
					"@executable_path/Frameworks",
					"@loader_path/Frameworks",
				);
				PRODUCT_BUNDLE_IDENTIFIER = iOSSwiftTableDisplay.org.iOSSwiftTableDisplayUITests;
				PRODUCT_NAME = "$(TARGET_NAME)";
				SWIFT_VERSION = 5.0;
				TARGETED_DEVICE_FAMILY = "1,2";
				TEST_TARGET_NAME = iOSSwiftTableDisplay;
			};
			name = Debug;
		};
		2D44022323F3C1B3005DB551 /* Release */ = {
			isa = XCBuildConfiguration;
			buildSettings = {
				ALWAYS_EMBED_SWIFT_STANDARD_LIBRARIES = YES;
				CODE_SIGN_STYLE = Automatic;
				DEVELOPMENT_TEAM = N84Y77X8V9;
				INFOPLIST_FILE = iOSSwiftTableDisplayUITests/Info.plist;
				LD_RUNPATH_SEARCH_PATHS = (
					"$(inherited)",
					"@executable_path/Frameworks",
					"@loader_path/Frameworks",
				);
				PRODUCT_BUNDLE_IDENTIFIER = iOSSwiftTableDisplay.org.iOSSwiftTableDisplayUITests;
				PRODUCT_NAME = "$(TARGET_NAME)";
				SWIFT_VERSION = 5.0;
				TARGETED_DEVICE_FAMILY = "1,2";
				TEST_TARGET_NAME = iOSSwiftTableDisplay;
			};
			name = Release;
		};
/* End XCBuildConfiguration section */

/* Begin XCConfigurationList section */
		2D4401EE23F3C1B1005DB551 /* Build configuration list for PBXProject "iOSSwiftTableDisplay" */ = {
			isa = XCConfigurationList;
			buildConfigurations = (
				2D44021923F3C1B3005DB551 /* Debug */,
				2D44021A23F3C1B3005DB551 /* Release */,
			);
			defaultConfigurationIsVisible = 0;
			defaultConfigurationName = Release;
		};
		2D44021B23F3C1B3005DB551 /* Build configuration list for PBXNativeTarget "iOSSwiftTableDisplay" */ = {
			isa = XCConfigurationList;
			buildConfigurations = (
				2D44021C23F3C1B3005DB551 /* Debug */,
				2D44021D23F3C1B3005DB551 /* Release */,
			);
			defaultConfigurationIsVisible = 0;
			defaultConfigurationName = Release;
		};
		2D44021E23F3C1B3005DB551 /* Build configuration list for PBXNativeTarget "iOSSwiftTableDisplayTests" */ = {
			isa = XCConfigurationList;
			buildConfigurations = (
				2D44021F23F3C1B3005DB551 /* Debug */,
				2D44022023F3C1B3005DB551 /* Release */,
			);
			defaultConfigurationIsVisible = 0;
			defaultConfigurationName = Release;
		};
		2D44022123F3C1B3005DB551 /* Build configuration list for PBXNativeTarget "iOSSwiftTableDisplayUITests" */ = {
			isa = XCConfigurationList;
			buildConfigurations = (
				2D44022223F3C1B3005DB551 /* Debug */,
				2D44022323F3C1B3005DB551 /* Release */,
			);
			defaultConfigurationIsVisible = 0;
			defaultConfigurationName = Release;
		};
/* End XCConfigurationList section */
	};
	rootObject = 2D4401EB23F3C1B1005DB551 /* Project object */;
}
